
Microsoft Visual Studio Solution File, Format Version 12.00
# Visual Studio 15
VisualStudioVersion = 15.0.28307.168
MinimumVisualStudioVersion = 10.0.40219.1
Project("{FAE04EC0-301F-11D3-BF4B-00C04F79EFBC}") = "UI", "UI\UI.csproj", "{3621F87B-5E4A-4E5C-9E9C-E38351633557}"
	ProjectSection(ProjectDependencies) = postProject
		{A26FBD5F-66F1-4103-A708-A573C5EE8F17} = {A26FBD5F-66F1-4103-A708-A573C5EE8F17}
		{6A47EF94-E0FE-4126-AAC9-439C08DE35EB} = {6A47EF94-E0FE-4126-AAC9-439C08DE35EB}
		{48D9F8E1-F160-42AB-BD0F-533E2A52295A} = {48D9F8E1-F160-42AB-BD0F-533E2A52295A}
	EndProjectSection
EndProject
Project("{FAE04EC0-301F-11D3-BF4B-00C04F79EFBC}") = "MenuLogic", "MenuLogic\MenuLogic.csproj", "{48D9F8E1-F160-42AB-BD0F-533E2A52295A}"
EndProject
Project("{FAE04EC0-301F-11D3-BF4B-00C04F79EFBC}") = "Revenue", "Revenue\Revenue.csproj", "{A26FBD5F-66F1-4103-A708-A573C5EE8F17}"
EndProject
Project("{FAE04EC0-301F-11D3-BF4B-00C04F79EFBC}") = "Actors", "Actors\Actors.csproj", "{6A47EF94-E0FE-4126-AAC9-439C08DE35EB}"
EndProject
Global
	GlobalSection(SolutionConfigurationPlatforms) = preSolution
		Debug|Any CPU = Debug|Any CPU
		Release|Any CPU = Release|Any CPU
	EndGlobalSection
	GlobalSection(ProjectConfigurationPlatforms) = postSolution
		{3621F87B-5E4A-4E5C-9E9C-E38351633557}.Debug|Any CPU.ActiveCfg = Debug|Any CPU
		{3621F87B-5E4A-4E5C-9E9C-E38351633557}.Debug|Any CPU.Build.0 = Debug|Any CPU
		{3621F87B-5E4A-4E5C-9E9C-E38351633557}.Release|Any CPU.ActiveCfg = Release|Any CPU
		{3621F87B-5E4A-4E5C-9E9C-E38351633557}.Release|Any CPU.Build.0 = Release|Any CPU
		{48D9F8E1-F160-42AB-BD0F-533E2A52295A}.Debug|Any CPU.ActiveCfg = Debug|Any CPU
		{48D9F8E1-F160-42AB-BD0F-533E2A52295A}.Debug|Any CPU.Build.0 = Debug|Any CPU
		{48D9F8E1-F160-42AB-BD0F-533E2A52295A}.Release|Any CPU.ActiveCfg = Release|Any CPU
		{48D9F8E1-F160-42AB-BD0F-533E2A52295A}.Release|Any CPU.Build.0 = Release|Any CPU
		{A26FBD5F-66F1-4103-A708-A573C5EE8F17}.Debug|Any CPU.ActiveCfg = Debug|Any CPU
		{A26FBD5F-66F1-4103-A708-A573C5EE8F17}.Debug|Any CPU.Build.0 = Debug|Any CPU
		{A26FBD5F-66F1-4103-A708-A573C5EE8F17}.Release|Any CPU.ActiveCfg = Release|Any CPU
		{A26FBD5F-66F1-4103-A708-A573C5EE8F17}.Release|Any CPU.Build.0 = Release|Any CPU
		{6A47EF94-E0FE-4126-AAC9-439C08DE35EB}.Debug|Any CPU.ActiveCfg = Debug|Any CPU
		{6A47EF94-E0FE-4126-AAC9-439C08DE35EB}.Debug|Any CPU.Build.0 = Debug|Any CPU
		{6A47EF94-E0FE-4126-AAC9-439C08DE35EB}.Release|Any CPU.ActiveCfg = Release|Any CPU
		{6A47EF94-E0FE-4126-AAC9-439C08DE35EB}.Release|Any CPU.Build.0 = Release|Any CPU
	EndGlobalSection
	GlobalSection(SolutionProperties) = preSolution
		HideSolutionNode = FALSE
	EndGlobalSection
	GlobalSection(ExtensibilityGlobals) = postSolution
		SolutionGuid = {E878E209-A8EF-466F-8F9A-123C51982B2D}
	EndGlobalSection
EndGlobal
