
Microsoft Visual Studio Solution File, Format Version 12.00
# Visual Studio Version 16
VisualStudioVersion = 16.0.28803.202
MinimumVisualStudioVersion = 10.0.40219.1
Project("{FAE04EC0-301F-11D3-BF4B-00C04F79EFBC}") = "DB", "DB\DB.csproj", "{4FB88D69-318E-433D-BE4D-630913D20F3E}"
EndProject
Global
	GlobalSection(SolutionConfigurationPlatforms) = preSolution
		Debug|Any CPU = Debug|Any CPU
		Release|Any CPU = Release|Any CPU
	EndGlobalSection
	GlobalSection(ProjectConfigurationPlatforms) = postSolution
		{4FB88D69-318E-433D-BE4D-630913D20F3E}.Debug|Any CPU.ActiveCfg = Debug|Any CPU
		{4FB88D69-318E-433D-BE4D-630913D20F3E}.Debug|Any CPU.Build.0 = Debug|Any CPU
		{4FB88D69-318E-433D-BE4D-630913D20F3E}.Release|Any CPU.ActiveCfg = Release|Any CPU
		{4FB88D69-318E-433D-BE4D-630913D20F3E}.Release|Any CPU.Build.0 = Release|Any CPU
	EndGlobalSection
	GlobalSection(SolutionProperties) = preSolution
		HideSolutionNode = FALSE
	EndGlobalSection
	GlobalSection(ExtensibilityGlobals) = postSolution
		SolutionGuid = {E93527A1-F72A-4CC0-AF84-F1B14BF97282}
	EndGlobalSection
EndGlobal
